
Microsoft Visual Studio Solution File, Format Version 12.00
# Visual Studio 14
VisualStudioVersion = 14.0.25123.0
MinimumVisualStudioVersion = 10.0.40219.1
Project("{FAE04EC0-301F-11D3-BF4B-00C04F79EFBC}") = "ReubenEllis_Week4_DiceRollModified", "ReubenEllis_Week4_DiceRollModified\ReubenEllis_Week4_DiceRollModified.csproj", "{0E360B05-26FF-463B-BEC2-0D1BB86E0092}"
EndProject
Global
	GlobalSection(SolutionConfigurationPlatforms) = preSolution
		Debug|Any CPU = Debug|Any CPU
		Release|Any CPU = Release|Any CPU
	EndGlobalSection
	GlobalSection(ProjectConfigurationPlatforms) = postSolution
		{0E360B05-26FF-463B-BEC2-0D1BB86E0092}.Debug|Any CPU.ActiveCfg = Debug|Any CPU
		{0E360B05-26FF-463B-BEC2-0D1BB86E0092}.Debug|Any CPU.Build.0 = Debug|Any CPU
		{0E360B05-26FF-463B-BEC2-0D1BB86E0092}.Release|Any CPU.ActiveCfg = Release|Any CPU
		{0E360B05-26FF-463B-BEC2-0D1BB86E0092}.Release|Any CPU.Build.0 = Release|Any CPU
	EndGlobalSection
	GlobalSection(SolutionProperties) = preSolution
		HideSolutionNode = FALSE
	EndGlobalSection
EndGlobal
